
Microsoft Visual Studio Solution File, Format Version 12.00
# Visual Studio Version 17
VisualStudioVersion = 17.2.32630.192
MinimumVisualStudioVersion = 10.0.40219.1
Project("{FAE04EC0-301F-11D3-BF4B-00C04F79EFBC}") = "CityInfo.API", "CityInfo.API\CityInfo.API.csproj", "{C3121073-2289-4D92-BE22-2882ACFF31BA}"
EndProject
Global
	GlobalSection(SolutionConfigurationPlatforms) = preSolution
		Debug|Any CPU = Debug|Any CPU
		Release|Any CPU = Release|Any CPU
	EndGlobalSection
	GlobalSection(ProjectConfigurationPlatforms) = postSolution
		{C3121073-2289-4D92-BE22-2882ACFF31BA}.Debug|Any CPU.ActiveCfg = Debug|Any CPU
		{C3121073-2289-4D92-BE22-2882ACFF31BA}.Debug|Any CPU.Build.0 = Debug|Any CPU
		{C3121073-2289-4D92-BE22-2882ACFF31BA}.Release|Any CPU.ActiveCfg = Release|Any CPU
		{C3121073-2289-4D92-BE22-2882ACFF31BA}.Release|Any CPU.Build.0 = Release|Any CPU
	EndGlobalSection
	GlobalSection(SolutionProperties) = preSolution
		HideSolutionNode = FALSE
	EndGlobalSection
	GlobalSection(ExtensibilityGlobals) = postSolution
		SolutionGuid = {E27477B0-24D8-4866-BD7C-F722CA94E9B8}
	EndGlobalSection
EndGlobal
